
Microsoft Visual Studio Solution File, Format Version 12.00
# Visual Studio Version 17
VisualStudioVersion = 17.2.32519.379
MinimumVisualStudioVersion = 10.0.40219.1
Project("{FAE04EC0-301F-11D3-BF4B-00C04F79EFBC}") = "Helverify.ConsensusNode.Backend", "Helverify.ConsensusNode.Backend.csproj", "{CFE772D2-EADA-4062-B4A4-0E3DE35493EB}"
EndProject
Project("{FAE04EC0-301F-11D3-BF4B-00C04F79EFBC}") = "Helverify.ConsensusNode.Domain", "..\Helverify.ConsensusNode.Domain\Helverify.ConsensusNode.Domain.csproj", "{7FB77835-C86C-4C4B-B421-2AC7A04C2272}"
EndProject
Global
	GlobalSection(SolutionConfigurationPlatforms) = preSolution
		Debug|Any CPU = Debug|Any CPU
		Release|Any CPU = Release|Any CPU
	EndGlobalSection
	GlobalSection(ProjectConfigurationPlatforms) = postSolution
		{CFE772D2-EADA-4062-B4A4-0E3DE35493EB}.Debug|Any CPU.ActiveCfg = Debug|Any CPU
		{CFE772D2-EADA-4062-B4A4-0E3DE35493EB}.Debug|Any CPU.Build.0 = Debug|Any CPU
		{CFE772D2-EADA-4062-B4A4-0E3DE35493EB}.Release|Any CPU.ActiveCfg = Release|Any CPU
		{CFE772D2-EADA-4062-B4A4-0E3DE35493EB}.Release|Any CPU.Build.0 = Release|Any CPU
		{7FB77835-C86C-4C4B-B421-2AC7A04C2272}.Debug|Any CPU.ActiveCfg = Debug|Any CPU
		{7FB77835-C86C-4C4B-B421-2AC7A04C2272}.Debug|Any CPU.Build.0 = Debug|Any CPU
		{7FB77835-C86C-4C4B-B421-2AC7A04C2272}.Release|Any CPU.ActiveCfg = Release|Any CPU
		{7FB77835-C86C-4C4B-B421-2AC7A04C2272}.Release|Any CPU.Build.0 = Release|Any CPU
	EndGlobalSection
	GlobalSection(SolutionProperties) = preSolution
		HideSolutionNode = FALSE
	EndGlobalSection
	GlobalSection(ExtensibilityGlobals) = postSolution
		SolutionGuid = {E4A0CAF7-4176-4F97-9575-AFC1487F4535}
	EndGlobalSection
EndGlobal
