
Microsoft Visual Studio Solution File, Format Version 12.00
# Visual Studio Version 17
VisualStudioVersion = 17.2.32519.379
MinimumVisualStudioVersion = 10.0.40219.1
Project("{9A19103F-16F7-4668-BE54-9A1E7A4F7556}") = "Helverify.VotingAuthority.Backend", "Helverify.VotingAuthority.Backend\Helverify.VotingAuthority.Backend.csproj", "{B780A43D-8334-4400-B68A-10907D438CD0}"
EndProject
Project("{9A19103F-16F7-4668-BE54-9A1E7A4F7556}") = "Helverify.VotingAuthority.DataAccess", "Helverify.VotingAuthority.DataAccess\Helverify.VotingAuthority.DataAccess.csproj", "{22F47A52-ECCA-435B-AD88-2378A8CD478C}"
EndProject
Project("{9A19103F-16F7-4668-BE54-9A1E7A4F7556}") = "Helverify.VotingAuthority.Domain", "Helverify.VotingAuthority.Domain\Helverify.VotingAuthority.Domain.csproj", "{C15D6DA0-AEE7-4E38-9F0B-1977CECA4D32}"
EndProject
Project("{9A19103F-16F7-4668-BE54-9A1E7A4F7556}") = "Helverify.VotingAuthority.Domain.Tests", "Helverify.VotingAuthority.Domain.Tests\Helverify.VotingAuthority.Domain.Tests.csproj", "{E56AFBDC-EF62-421A-B808-785479345DE7}"
EndProject
Project("{9A19103F-16F7-4668-BE54-9A1E7A4F7556}") = "Helverify.VotingAuthority.Application", "Helverify.VotingAuthority.Application\Helverify.VotingAuthority.Application.csproj", "{21D29B81-495D-4DA2-8B2E-95BBF7CB5093}"
EndProject
Project("{FAE04EC0-301F-11D3-BF4B-00C04F79EFBC}") = "Helverify.VotingAuthority.DataAccess.Tests", "Helverify.VotingAuthority.DataAccess.Tests\Helverify.VotingAuthority.DataAccess.Tests.csproj", "{05331EBD-5609-48B1-A2E9-C8C87BF68B92}"
EndProject
Global
	GlobalSection(SolutionConfigurationPlatforms) = preSolution
		Debug|Any CPU = Debug|Any CPU
		Release|Any CPU = Release|Any CPU
	EndGlobalSection
	GlobalSection(ProjectConfigurationPlatforms) = postSolution
		{B780A43D-8334-4400-B68A-10907D438CD0}.Debug|Any CPU.ActiveCfg = Debug|Any CPU
		{B780A43D-8334-4400-B68A-10907D438CD0}.Debug|Any CPU.Build.0 = Debug|Any CPU
		{B780A43D-8334-4400-B68A-10907D438CD0}.Release|Any CPU.ActiveCfg = Release|Any CPU
		{B780A43D-8334-4400-B68A-10907D438CD0}.Release|Any CPU.Build.0 = Release|Any CPU
		{22F47A52-ECCA-435B-AD88-2378A8CD478C}.Debug|Any CPU.ActiveCfg = Debug|Any CPU
		{22F47A52-ECCA-435B-AD88-2378A8CD478C}.Debug|Any CPU.Build.0 = Debug|Any CPU
		{22F47A52-ECCA-435B-AD88-2378A8CD478C}.Release|Any CPU.ActiveCfg = Release|Any CPU
		{22F47A52-ECCA-435B-AD88-2378A8CD478C}.Release|Any CPU.Build.0 = Release|Any CPU
		{C15D6DA0-AEE7-4E38-9F0B-1977CECA4D32}.Debug|Any CPU.ActiveCfg = Debug|Any CPU
		{C15D6DA0-AEE7-4E38-9F0B-1977CECA4D32}.Debug|Any CPU.Build.0 = Debug|Any CPU
		{C15D6DA0-AEE7-4E38-9F0B-1977CECA4D32}.Release|Any CPU.ActiveCfg = Release|Any CPU
		{C15D6DA0-AEE7-4E38-9F0B-1977CECA4D32}.Release|Any CPU.Build.0 = Release|Any CPU
		{E56AFBDC-EF62-421A-B808-785479345DE7}.Debug|Any CPU.ActiveCfg = Debug|Any CPU
		{E56AFBDC-EF62-421A-B808-785479345DE7}.Debug|Any CPU.Build.0 = Debug|Any CPU
		{E56AFBDC-EF62-421A-B808-785479345DE7}.Release|Any CPU.ActiveCfg = Release|Any CPU
		{E56AFBDC-EF62-421A-B808-785479345DE7}.Release|Any CPU.Build.0 = Release|Any CPU
		{21D29B81-495D-4DA2-8B2E-95BBF7CB5093}.Debug|Any CPU.ActiveCfg = Debug|Any CPU
		{21D29B81-495D-4DA2-8B2E-95BBF7CB5093}.Debug|Any CPU.Build.0 = Debug|Any CPU
		{21D29B81-495D-4DA2-8B2E-95BBF7CB5093}.Release|Any CPU.ActiveCfg = Release|Any CPU
		{21D29B81-495D-4DA2-8B2E-95BBF7CB5093}.Release|Any CPU.Build.0 = Release|Any CPU
		{05331EBD-5609-48B1-A2E9-C8C87BF68B92}.Debug|Any CPU.ActiveCfg = Debug|Any CPU
		{05331EBD-5609-48B1-A2E9-C8C87BF68B92}.Debug|Any CPU.Build.0 = Debug|Any CPU
		{05331EBD-5609-48B1-A2E9-C8C87BF68B92}.Release|Any CPU.ActiveCfg = Release|Any CPU
		{05331EBD-5609-48B1-A2E9-C8C87BF68B92}.Release|Any CPU.Build.0 = Release|Any CPU
	EndGlobalSection
	GlobalSection(SolutionProperties) = preSolution
		HideSolutionNode = FALSE
	EndGlobalSection
	GlobalSection(ExtensibilityGlobals) = postSolution
		SolutionGuid = {5951A8FF-15B8-43AB-8EAA-1DA277D562EB}
	EndGlobalSection
EndGlobal
